
Microsoft Visual Studio Solution File, Format Version 12.00
# Visual Studio Version 17
VisualStudioVersion = 17.9.34723.18
MinimumVisualStudioVersion = 10.0.40219.1
Project("{FAE04EC0-301F-11D3-BF4B-00C04F79EFBC}") = "OOPC-VT24-Grupp-02", "OOPC-VT24-Grupp-02\OOPC-VT24-Grupp-02.csproj", "{1ABBCA75-8283-45AF-A48E-71BDA46482E0}"
EndProject
Global
	GlobalSection(SolutionConfigurationPlatforms) = preSolution
		Debug|Any CPU = Debug|Any CPU
		Release|Any CPU = Release|Any CPU
	EndGlobalSection
	GlobalSection(ProjectConfigurationPlatforms) = postSolution
		{1ABBCA75-8283-45AF-A48E-71BDA46482E0}.Debug|Any CPU.ActiveCfg = Debug|Any CPU
		{1ABBCA75-8283-45AF-A48E-71BDA46482E0}.Debug|Any CPU.Build.0 = Debug|Any CPU
		{1ABBCA75-8283-45AF-A48E-71BDA46482E0}.Release|Any CPU.ActiveCfg = Release|Any CPU
		{1ABBCA75-8283-45AF-A48E-71BDA46482E0}.Release|Any CPU.Build.0 = Release|Any CPU
	EndGlobalSection
	GlobalSection(SolutionProperties) = preSolution
		HideSolutionNode = FALSE
	EndGlobalSection
	GlobalSection(ExtensibilityGlobals) = postSolution
		SolutionGuid = {E82C2258-7DF8-4C1B-976E-021026A5A55E}
	EndGlobalSection
EndGlobal
