
Microsoft Visual Studio Solution File, Format Version 12.00
# Visual Studio Version 17
VisualStudioVersion = 17.9.34723.18
MinimumVisualStudioVersion = 10.0.40219.1
Project("{9A19103F-16F7-4668-BE54-9A1E7A4F7556}") = "OOPC-VT24-Grupp-02", "OOPC-VT24-Grupp-02\OOPC-VT24-Grupp-02.csproj", "{1ABBCA75-8283-45AF-A48E-71BDA46482E0}"
EndProject
Project("{9A19103F-16F7-4668-BE54-9A1E7A4F7556}") = "CarService.BusinessLayer", "BusinessLayer\CarService.BusinessLayer.csproj", "{65124A7C-EB3E-4054-8D83-051CAA3B6319}"
EndProject
Project("{9A19103F-16F7-4668-BE54-9A1E7A4F7556}") = "CarService.DataLayer", "DataLayer\CarService.DataLayer.csproj", "{3015107C-C344-4137-A4E7-D192315B432B}"
EndProject
Project("{9A19103F-16F7-4668-BE54-9A1E7A4F7556}") = "CarService.Entities", "Entities\CarService.Entities.csproj", "{E91B810B-37D4-48BE-B591-DD1C547007E3}"
EndProject
Project("{9A19103F-16F7-4668-BE54-9A1E7A4F7556}") = "CarService.PresentationLayer.WPF", "CarService.PresentationLayer.WPF\CarService.PresentationLayer.WPF.csproj", "{76A2836B-A76B-4431-822C-42F010B401D7}"
EndProject
Project("{FAE04EC0-301F-11D3-BF4B-00C04F79EFBC}") = "CarService.PresentationLayer.WPF.MVVM", "CarService.PresentationLayer.WPF.MVVM\CarService.PresentationLayer.WPF.MVVM.csproj", "{6A47E824-12AF-4391-B325-6C03A9CDA4B5}"
EndProject
Global
	GlobalSection(SolutionConfigurationPlatforms) = preSolution
		Debug|Any CPU = Debug|Any CPU
		Release|Any CPU = Release|Any CPU
	EndGlobalSection
	GlobalSection(ProjectConfigurationPlatforms) = postSolution
		{1ABBCA75-8283-45AF-A48E-71BDA46482E0}.Debug|Any CPU.ActiveCfg = Debug|Any CPU
		{1ABBCA75-8283-45AF-A48E-71BDA46482E0}.Debug|Any CPU.Build.0 = Debug|Any CPU
		{1ABBCA75-8283-45AF-A48E-71BDA46482E0}.Release|Any CPU.ActiveCfg = Release|Any CPU
		{1ABBCA75-8283-45AF-A48E-71BDA46482E0}.Release|Any CPU.Build.0 = Release|Any CPU
		{65124A7C-EB3E-4054-8D83-051CAA3B6319}.Debug|Any CPU.ActiveCfg = Debug|Any CPU
		{65124A7C-EB3E-4054-8D83-051CAA3B6319}.Debug|Any CPU.Build.0 = Debug|Any CPU
		{65124A7C-EB3E-4054-8D83-051CAA3B6319}.Release|Any CPU.ActiveCfg = Release|Any CPU
		{65124A7C-EB3E-4054-8D83-051CAA3B6319}.Release|Any CPU.Build.0 = Release|Any CPU
		{3015107C-C344-4137-A4E7-D192315B432B}.Debug|Any CPU.ActiveCfg = Debug|Any CPU
		{3015107C-C344-4137-A4E7-D192315B432B}.Debug|Any CPU.Build.0 = Debug|Any CPU
		{3015107C-C344-4137-A4E7-D192315B432B}.Release|Any CPU.ActiveCfg = Release|Any CPU
		{3015107C-C344-4137-A4E7-D192315B432B}.Release|Any CPU.Build.0 = Release|Any CPU
		{E91B810B-37D4-48BE-B591-DD1C547007E3}.Debug|Any CPU.ActiveCfg = Debug|Any CPU
		{E91B810B-37D4-48BE-B591-DD1C547007E3}.Debug|Any CPU.Build.0 = Debug|Any CPU
		{E91B810B-37D4-48BE-B591-DD1C547007E3}.Release|Any CPU.ActiveCfg = Release|Any CPU
		{E91B810B-37D4-48BE-B591-DD1C547007E3}.Release|Any CPU.Build.0 = Release|Any CPU
		{76A2836B-A76B-4431-822C-42F010B401D7}.Debug|Any CPU.ActiveCfg = Debug|Any CPU
		{76A2836B-A76B-4431-822C-42F010B401D7}.Debug|Any CPU.Build.0 = Debug|Any CPU
		{76A2836B-A76B-4431-822C-42F010B401D7}.Release|Any CPU.ActiveCfg = Release|Any CPU
		{76A2836B-A76B-4431-822C-42F010B401D7}.Release|Any CPU.Build.0 = Release|Any CPU
		{6A47E824-12AF-4391-B325-6C03A9CDA4B5}.Debug|Any CPU.ActiveCfg = Debug|Any CPU
		{6A47E824-12AF-4391-B325-6C03A9CDA4B5}.Debug|Any CPU.Build.0 = Debug|Any CPU
		{6A47E824-12AF-4391-B325-6C03A9CDA4B5}.Release|Any CPU.ActiveCfg = Release|Any CPU
		{6A47E824-12AF-4391-B325-6C03A9CDA4B5}.Release|Any CPU.Build.0 = Release|Any CPU
	EndGlobalSection
	GlobalSection(SolutionProperties) = preSolution
		HideSolutionNode = FALSE
	EndGlobalSection
	GlobalSection(ExtensibilityGlobals) = postSolution
		SolutionGuid = {E82C2258-7DF8-4C1B-976E-021026A5A55E}
	EndGlobalSection
EndGlobal
